// !$*UTF8*$!
{
	archiveVersion = 1;
	classes = {
	};
	objectVersion = 51;
	objects = {

/* Begin PBXBuildFile section */
		841CAF6F23491A0700046818 /* AppDelegate.swift in Sources */ = {isa = PBXBuildFile; fileRef = 841CAF6E23491A0700046818 /* AppDelegate.swift */; };
		841CAF7123491A0700046818 /* SceneDelegate.swift in Sources */ = {isa = PBXBuildFile; fileRef = 841CAF7023491A0700046818 /* SceneDelegate.swift */; };
		841CAF7323491A0700046818 /* ViewController.swift in Sources */ = {isa = PBXBuildFile; fileRef = 841CAF7223491A0700046818 /* ViewController.swift */; };
		841CAF7623491A0700046818 /* Main.storyboard in Resources */ = {isa = PBXBuildFile; fileRef = 841CAF7423491A0700046818 /* Main.storyboard */; };
		841CAF7923491A0700046818 /* TutorApp.xcdatamodeld in Sources */ = {isa = PBXBuildFile; fileRef = 841CAF7723491A0700046818 /* TutorApp.xcdatamodeld */; };
		841CAF7B23491A0A00046818 /* Assets.xcassets in Resources */ = {isa = PBXBuildFile; fileRef = 841CAF7A23491A0A00046818 /* Assets.xcassets */; };
		841CAF7E23491A0A00046818 /* LaunchScreen.storyboard in Resources */ = {isa = PBXBuildFile; fileRef = 841CAF7C23491A0A00046818 /* LaunchScreen.storyboard */; };
		8441CB74235D023900BD84E6 /* SignInViewController.swift in Sources */ = {isa = PBXBuildFile; fileRef = 8441CB73235D023900BD84E6 /* SignInViewController.swift */; };
		8441CB76235D027500BD84E6 /* SignUpFirstViewController.swift in Sources */ = {isa = PBXBuildFile; fileRef = 8441CB75235D027500BD84E6 /* SignUpFirstViewController.swift */; };
		8441CB78235D02B300BD84E6 /* SignUpSecondViewController.swift in Sources */ = {isa = PBXBuildFile; fileRef = 8441CB77235D02B300BD84E6 /* SignUpSecondViewController.swift */; };
		8441CB7A235D02E900BD84E6 /* SignUpFinalViewController.swift in Sources */ = {isa = PBXBuildFile; fileRef = 8441CB79235D02E900BD84E6 /* SignUpFinalViewController.swift */; };
		84708AF0236ED331000489D2 /* StudentMainViewController.swift in Sources */ = {isa = PBXBuildFile; fileRef = 84708AEF236ED331000489D2 /* StudentMainViewController.swift */; };
		84AC3885236DFDC400B0AE33 /* signUpModel.swift in Sources */ = {isa = PBXBuildFile; fileRef = 84AC3884236DFDC400B0AE33 /* signUpModel.swift */; };
		84AC3887236E0A1C00B0AE33 /* Validator.swift in Sources */ = {isa = PBXBuildFile; fileRef = 84AC3886236E0A1C00B0AE33 /* Validator.swift */; };
		84D204EA235DC54500FD89F0 /* GoogleService-Info.plist in Resources */ = {isa = PBXBuildFile; fileRef = 84D204E9235DC54500FD89F0 /* GoogleService-Info.plist */; };
		84FE61E0235F6AF800AB7A01 /* TutorMainViewController.swift in Sources */ = {isa = PBXBuildFile; fileRef = 84FE61DF235F6AF800AB7A01 /* TutorMainViewController.swift */; };
		84FE61E2235F73E700AB7A01 /* SettingsViewController.swift in Sources */ = {isa = PBXBuildFile; fileRef = 84FE61E1235F73E700AB7A01 /* SettingsViewController.swift */; };
		8FE79E106156950EE323022F /* Pods_TutorApp.framework in Frameworks */ = {isa = PBXBuildFile; fileRef = 4EF5C4DC3E3B6B928F9665F6 /* Pods_TutorApp.framework */; };
/* End PBXBuildFile section */

/* Begin PBXFileReference section */
		4EF5C4DC3E3B6B928F9665F6 /* Pods_TutorApp.framework */ = {isa = PBXFileReference; explicitFileType = wrapper.framework; includeInIndex = 0; path = Pods_TutorApp.framework; sourceTree = BUILT_PRODUCTS_DIR; };
		5030746C3DDC41F517BD779B /* Pods-TutorApp.debug.xcconfig */ = {isa = PBXFileReference; includeInIndex = 1; lastKnownFileType = text.xcconfig; name = "Pods-TutorApp.debug.xcconfig"; path = "Target Support Files/Pods-TutorApp/Pods-TutorApp.debug.xcconfig"; sourceTree = "<group>"; };
		6054998157FA480C6151745C /* Pods-TutorApp.release.xcconfig */ = {isa = PBXFileReference; includeInIndex = 1; lastKnownFileType = text.xcconfig; name = "Pods-TutorApp.release.xcconfig"; path = "Target Support Files/Pods-TutorApp/Pods-TutorApp.release.xcconfig"; sourceTree = "<group>"; };
		841CAF6B23491A0700046818 /* TutorApp.app */ = {isa = PBXFileReference; explicitFileType = wrapper.application; includeInIndex = 0; path = TutorApp.app; sourceTree = BUILT_PRODUCTS_DIR; };
		841CAF6E23491A0700046818 /* AppDelegate.swift */ = {isa = PBXFileReference; lastKnownFileType = sourcecode.swift; path = AppDelegate.swift; sourceTree = "<group>"; };
		841CAF7023491A0700046818 /* SceneDelegate.swift */ = {isa = PBXFileReference; lastKnownFileType = sourcecode.swift; path = SceneDelegate.swift; sourceTree = "<group>"; };
		841CAF7223491A0700046818 /* ViewController.swift */ = {isa = PBXFileReference; lastKnownFileType = sourcecode.swift; path = ViewController.swift; sourceTree = "<group>"; };
		841CAF7523491A0700046818 /* Base */ = {isa = PBXFileReference; lastKnownFileType = file.storyboard; name = Base; path = Base.lproj/Main.storyboard; sourceTree = "<group>"; };
		841CAF7823491A0700046818 /* TutorApp.xcdatamodel */ = {isa = PBXFileReference; lastKnownFileType = wrapper.xcdatamodel; path = TutorApp.xcdatamodel; sourceTree = "<group>"; };
		841CAF7A23491A0A00046818 /* Assets.xcassets */ = {isa = PBXFileReference; lastKnownFileType = folder.assetcatalog; path = Assets.xcassets; sourceTree = "<group>"; };
		841CAF7D23491A0A00046818 /* Base */ = {isa = PBXFileReference; lastKnownFileType = file.storyboard; name = Base; path = Base.lproj/LaunchScreen.storyboard; sourceTree = "<group>"; };
		841CAF7F23491A0A00046818 /* Info.plist */ = {isa = PBXFileReference; lastKnownFileType = text.plist.xml; path = Info.plist; sourceTree = "<group>"; };
		8441CB73235D023900BD84E6 /* SignInViewController.swift */ = {isa = PBXFileReference; lastKnownFileType = sourcecode.swift; path = SignInViewController.swift; sourceTree = "<group>"; };
		8441CB75235D027500BD84E6 /* SignUpFirstViewController.swift */ = {isa = PBXFileReference; lastKnownFileType = sourcecode.swift; path = SignUpFirstViewController.swift; sourceTree = "<group>"; };
		8441CB77235D02B300BD84E6 /* SignUpSecondViewController.swift */ = {isa = PBXFileReference; lastKnownFileType = sourcecode.swift; path = SignUpSecondViewController.swift; sourceTree = "<group>"; };
		8441CB79235D02E900BD84E6 /* SignUpFinalViewController.swift */ = {isa = PBXFileReference; lastKnownFileType = sourcecode.swift; path = SignUpFinalViewController.swift; sourceTree = "<group>"; };
		84708AEF236ED331000489D2 /* StudentMainViewController.swift */ = {isa = PBXFileReference; lastKnownFileType = sourcecode.swift; path = StudentMainViewController.swift; sourceTree = "<group>"; };
		84AC3884236DFDC400B0AE33 /* signUpModel.swift */ = {isa = PBXFileReference; lastKnownFileType = sourcecode.swift; path = signUpModel.swift; sourceTree = "<group>"; };
		84AC3886236E0A1C00B0AE33 /* Validator.swift */ = {isa = PBXFileReference; lastKnownFileType = sourcecode.swift; path = Validator.swift; sourceTree = "<group>"; };
		84D204E9235DC54500FD89F0 /* GoogleService-Info.plist */ = {isa = PBXFileReference; fileEncoding = 4; lastKnownFileType = text.plist.xml; name = "GoogleService-Info.plist"; path = "../../../Downloads/GoogleService-Info.plist"; sourceTree = "<group>"; };
		84FE61DF235F6AF800AB7A01 /* TutorMainViewController.swift */ = {isa = PBXFileReference; lastKnownFileType = sourcecode.swift; path = TutorMainViewController.swift; sourceTree = "<group>"; };
		84FE61E1235F73E700AB7A01 /* SettingsViewController.swift */ = {isa = PBXFileReference; lastKnownFileType = sourcecode.swift; path = SettingsViewController.swift; sourceTree = "<group>"; };
/* End PBXFileReference section */

/* Begin PBXFrameworksBuildPhase section */
		841CAF6823491A0700046818 /* Frameworks */ = {
			isa = PBXFrameworksBuildPhase;
			buildActionMask = 2147483647;
			files = (
				8FE79E106156950EE323022F /* Pods_TutorApp.framework in Frameworks */,
			);
			runOnlyForDeploymentPostprocessing = 0;
		};
/* End PBXFrameworksBuildPhase section */

/* Begin PBXGroup section */
		841CAF6223491A0700046818 = {
			isa = PBXGroup;
			children = (
				841CAF6D23491A0700046818 /* TutorApp */,
				841CAF6C23491A0700046818 /* Products */,
				C37CB13BE06324290BD5EFDF /* Pods */,
				E05786D09984011F1FEA8C69 /* Frameworks */,
			);
			sourceTree = "<group>";
		};
		841CAF6C23491A0700046818 /* Products */ = {
			isa = PBXGroup;
			children = (
				841CAF6B23491A0700046818 /* TutorApp.app */,
			);
			name = Products;
			sourceTree = "<group>";
		};
		841CAF6D23491A0700046818 /* TutorApp */ = {
			isa = PBXGroup;
			children = (
				845AB3EC236E2FF1006A9491 /* Models */,
				84D204E9235DC54500FD89F0 /* GoogleService-Info.plist */,
				84940CCE23550E6C008029D6 /* OtherFiles */,
				841CAF7423491A0700046818 /* Main.storyboard */,
				84AC3886236E0A1C00B0AE33 /* Validator.swift */,
				845AB3E4236E2F19006A9491 /* ViewControllers */,
				841CAF7A23491A0A00046818 /* Assets.xcassets */,
			);
			path = TutorApp;
			sourceTree = "<group>";
		};
		845AB3E4236E2F19006A9491 /* ViewControllers */ = {
			isa = PBXGroup;
			children = (
				84708AEE236ED302000489D2 /* Student */,
				845AB3EB236E2FD6006A9491 /* First */,
				845AB3EA236E2FC7006A9491 /* Settings */,
				845AB3E9236E2FAE006A9491 /* Tutor */,
				845AB3E7236E2F99006A9491 /* SignIn */,
				845AB3E6236E2F7E006A9491 /* SignUp */,
			);
			path = ViewControllers;
			sourceTree = "<group>";
		};
		845AB3E6236E2F7E006A9491 /* SignUp */ = {
			isa = PBXGroup;
			children = (
				8441CB79235D02E900BD84E6 /* SignUpFinalViewController.swift */,
				8441CB77235D02B300BD84E6 /* SignUpSecondViewController.swift */,
				8441CB75235D027500BD84E6 /* SignUpFirstViewController.swift */,
			);
			path = SignUp;
			sourceTree = "<group>";
		};
		845AB3E7236E2F99006A9491 /* SignIn */ = {
			isa = PBXGroup;
			children = (
				8441CB73235D023900BD84E6 /* SignInViewController.swift */,
			);
			path = SignIn;
			sourceTree = "<group>";
		};
		845AB3E9236E2FAE006A9491 /* Tutor */ = {
			isa = PBXGroup;
			children = (
				84FE61DF235F6AF800AB7A01 /* TutorMainViewController.swift */,
			);
			path = Tutor;
			sourceTree = "<group>";
		};
		845AB3EA236E2FC7006A9491 /* Settings */ = {
			isa = PBXGroup;
			children = (
				84FE61E1235F73E700AB7A01 /* SettingsViewController.swift */,
			);
			path = Settings;
			sourceTree = "<group>";
		};
		845AB3EB236E2FD6006A9491 /* First */ = {
			isa = PBXGroup;
			children = (
				841CAF7223491A0700046818 /* ViewController.swift */,
			);
			path = First;
			sourceTree = "<group>";
		};
		845AB3EC236E2FF1006A9491 /* Models */ = {
			isa = PBXGroup;
			children = (
				84AC3884236DFDC400B0AE33 /* signUpModel.swift */,
			);
			path = Models;
			sourceTree = "<group>";
		};
		84708AEE236ED302000489D2 /* Student */ = {
			isa = PBXGroup;
			children = (
				84708AEF236ED331000489D2 /* StudentMainViewController.swift */,
			);
			path = Student;
			sourceTree = "<group>";
		};
		84940CCE23550E6C008029D6 /* OtherFiles */ = {
			isa = PBXGroup;
			children = (
				841CAF6E23491A0700046818 /* AppDelegate.swift */,
				841CAF7023491A0700046818 /* SceneDelegate.swift */,
				841CAF7C23491A0A00046818 /* LaunchScreen.storyboard */,
				841CAF7F23491A0A00046818 /* Info.plist */,
				841CAF7723491A0700046818 /* TutorApp.xcdatamodeld */,
			);
			path = OtherFiles;
			sourceTree = "<group>";
		};
		C37CB13BE06324290BD5EFDF /* Pods */ = {
			isa = PBXGroup;
			children = (
				5030746C3DDC41F517BD779B /* Pods-TutorApp.debug.xcconfig */,
				6054998157FA480C6151745C /* Pods-TutorApp.release.xcconfig */,
			);
			path = Pods;
			sourceTree = "<group>";
		};
		E05786D09984011F1FEA8C69 /* Frameworks */ = {
			isa = PBXGroup;
			children = (
				4EF5C4DC3E3B6B928F9665F6 /* Pods_TutorApp.framework */,
			);
			name = Frameworks;
			sourceTree = "<group>";
		};
/* End PBXGroup section */

/* Begin PBXNativeTarget section */
		841CAF6A23491A0700046818 /* TutorApp */ = {
			isa = PBXNativeTarget;
			buildConfigurationList = 841CAF8223491A0A00046818 /* Build configuration list for PBXNativeTarget "TutorApp" */;
			buildPhases = (
				92E5A1F9ED3617BF96FA81B8 /* [CP] Check Pods Manifest.lock */,
				841CAF6723491A0700046818 /* Sources */,
				841CAF6823491A0700046818 /* Frameworks */,
				841CAF6923491A0700046818 /* Resources */,
				3CD30E07062C00F7633071BC /* [CP] Embed Pods Frameworks */,
			);
			buildRules = (
			);
			dependencies = (
			);
			name = TutorApp;
			productName = TutorApp;
			productReference = 841CAF6B23491A0700046818 /* TutorApp.app */;
			productType = "com.apple.product-type.application";
		};
/* End PBXNativeTarget section */

/* Begin PBXProject section */
		841CAF6323491A0700046818 /* Project object */ = {
			isa = PBXProject;
			attributes = {
				LastSwiftUpdateCheck = 1100;
				LastUpgradeCheck = 1100;
				ORGANIZATIONNAME = "Валерий Зубаиров";
				TargetAttributes = {
					841CAF6A23491A0700046818 = {
						CreatedOnToolsVersion = 11.0;
					};
				};
			};
			buildConfigurationList = 841CAF6623491A0700046818 /* Build configuration list for PBXProject "TutorApp" */;
			compatibilityVersion = "Xcode 9.3";
			developmentRegion = en;
			hasScannedForEncodings = 0;
			knownRegions = (
				en,
				Base,
			);
			mainGroup = 841CAF6223491A0700046818;
			productRefGroup = 841CAF6C23491A0700046818 /* Products */;
			projectDirPath = "";
			projectRoot = "";
			targets = (
				841CAF6A23491A0700046818 /* TutorApp */,
			);
		};
/* End PBXProject section */

/* Begin PBXResourcesBuildPhase section */
		841CAF6923491A0700046818 /* Resources */ = {
			isa = PBXResourcesBuildPhase;
			buildActionMask = 2147483647;
			files = (
				841CAF7E23491A0A00046818 /* LaunchScreen.storyboard in Resources */,
				84D204EA235DC54500FD89F0 /* GoogleService-Info.plist in Resources */,
				841CAF7B23491A0A00046818 /* Assets.xcassets in Resources */,
				841CAF7623491A0700046818 /* Main.storyboard in Resources */,
			);
			runOnlyForDeploymentPostprocessing = 0;
		};
/* End PBXResourcesBuildPhase section */

/* Begin PBXShellScriptBuildPhase section */
		3CD30E07062C00F7633071BC /* [CP] Embed Pods Frameworks */ = {
			isa = PBXShellScriptBuildPhase;
			buildActionMask = 2147483647;
			files = (
			);
			inputFileListPaths = (
				"${PODS_ROOT}/Target Support Files/Pods-TutorApp/Pods-TutorApp-frameworks-${CONFIGURATION}-input-files.xcfilelist",
			);
			name = "[CP] Embed Pods Frameworks";
			outputFileListPaths = (
				"${PODS_ROOT}/Target Support Files/Pods-TutorApp/Pods-TutorApp-frameworks-${CONFIGURATION}-output-files.xcfilelist",
			);
			runOnlyForDeploymentPostprocessing = 0;
			shellPath = /bin/sh;
			shellScript = "\"${PODS_ROOT}/Target Support Files/Pods-TutorApp/Pods-TutorApp-frameworks.sh\"\n";
			showEnvVarsInLog = 0;
		};
		92E5A1F9ED3617BF96FA81B8 /* [CP] Check Pods Manifest.lock */ = {
			isa = PBXShellScriptBuildPhase;
			buildActionMask = 2147483647;
			files = (
			);
			inputFileListPaths = (
			);
			inputPaths = (
				"${PODS_PODFILE_DIR_PATH}/Podfile.lock",
				"${PODS_ROOT}/Manifest.lock",
			);
			name = "[CP] Check Pods Manifest.lock";
			outputFileListPaths = (
			);
			outputPaths = (
				"$(DERIVED_FILE_DIR)/Pods-TutorApp-checkManifestLockResult.txt",
			);
			runOnlyForDeploymentPostprocessing = 0;
			shellPath = /bin/sh;
			shellScript = "diff \"${PODS_PODFILE_DIR_PATH}/Podfile.lock\" \"${PODS_ROOT}/Manifest.lock\" > /dev/null\nif [ $? != 0 ] ; then\n    # print error to STDERR\n    echo \"error: The sandbox is not in sync with the Podfile.lock. Run 'pod install' or update your CocoaPods installation.\" >&2\n    exit 1\nfi\n# This output is used by Xcode 'outputs' to avoid re-running this script phase.\necho \"SUCCESS\" > \"${SCRIPT_OUTPUT_FILE_0}\"\n";
			showEnvVarsInLog = 0;
		};
/* End PBXShellScriptBuildPhase section */

/* Begin PBXSourcesBuildPhase section */
		841CAF6723491A0700046818 /* Sources */ = {
			isa = PBXSourcesBuildPhase;
			buildActionMask = 2147483647;
			files = (
				8441CB78235D02B300BD84E6 /* SignUpSecondViewController.swift in Sources */,
				8441CB7A235D02E900BD84E6 /* SignUpFinalViewController.swift in Sources */,
				84FE61E2235F73E700AB7A01 /* SettingsViewController.swift in Sources */,
				84708AF0236ED331000489D2 /* StudentMainViewController.swift in Sources */,
				841CAF7923491A0700046818 /* TutorApp.xcdatamodeld in Sources */,
				84AC3887236E0A1C00B0AE33 /* Validator.swift in Sources */,
				8441CB76235D027500BD84E6 /* SignUpFirstViewController.swift in Sources */,
				84FE61E0235F6AF800AB7A01 /* TutorMainViewController.swift in Sources */,
				841CAF7323491A0700046818 /* ViewController.swift in Sources */,
				84AC3885236DFDC400B0AE33 /* signUpModel.swift in Sources */,
				841CAF6F23491A0700046818 /* AppDelegate.swift in Sources */,
				8441CB74235D023900BD84E6 /* SignInViewController.swift in Sources */,
				841CAF7123491A0700046818 /* SceneDelegate.swift in Sources */,
			);
			runOnlyForDeploymentPostprocessing = 0;
		};
/* End PBXSourcesBuildPhase section */

/* Begin PBXVariantGroup section */
		841CAF7423491A0700046818 /* Main.storyboard */ = {
			isa = PBXVariantGroup;
			children = (
				841CAF7523491A0700046818 /* Base */,
			);
			name = Main.storyboard;
			sourceTree = "<group>";
		};
		841CAF7C23491A0A00046818 /* LaunchScreen.storyboard */ = {
			isa = PBXVariantGroup;
			children = (
				841CAF7D23491A0A00046818 /* Base */,
			);
			name = LaunchScreen.storyboard;
			sourceTree = "<group>";
		};
/* End PBXVariantGroup section */

/* Begin XCBuildConfiguration section */
		841CAF8023491A0A00046818 /* Debug */ = {
			isa = XCBuildConfiguration;
			buildSettings = {
				ALWAYS_SEARCH_USER_PATHS = NO;
				CLANG_ANALYZER_NONNULL = YES;
				CLANG_ANALYZER_NUMBER_OBJECT_CONVERSION = YES_AGGRESSIVE;
				CLANG_CXX_LANGUAGE_STANDARD = "gnu++14";
				CLANG_CXX_LIBRARY = "libc++";
				CLANG_ENABLE_MODULES = YES;
				CLANG_ENABLE_OBJC_ARC = YES;
				CLANG_ENABLE_OBJC_WEAK = YES;
				CLANG_WARN_BLOCK_CAPTURE_AUTORELEASING = YES;
				CLANG_WARN_BOOL_CONVERSION = YES;
				CLANG_WARN_COMMA = YES;
				CLANG_WARN_CONSTANT_CONVERSION = YES;
				CLANG_WARN_DEPRECATED_OBJC_IMPLEMENTATIONS = YES;
				CLANG_WARN_DIRECT_OBJC_ISA_USAGE = YES_ERROR;
				CLANG_WARN_DOCUMENTATION_COMMENTS = YES;
				CLANG_WARN_EMPTY_BODY = YES;
				CLANG_WARN_ENUM_CONVERSION = YES;
				CLANG_WARN_INFINITE_RECURSION = YES;
				CLANG_WARN_INT_CONVERSION = YES;
				CLANG_WARN_NON_LITERAL_NULL_CONVERSION = YES;
				CLANG_WARN_OBJC_IMPLICIT_RETAIN_SELF = YES;
				CLANG_WARN_OBJC_LITERAL_CONVERSION = YES;
				CLANG_WARN_OBJC_ROOT_CLASS = YES_ERROR;
				CLANG_WARN_RANGE_LOOP_ANALYSIS = YES;
				CLANG_WARN_STRICT_PROTOTYPES = YES;
				CLANG_WARN_SUSPICIOUS_MOVE = YES;
				CLANG_WARN_UNGUARDED_AVAILABILITY = YES_AGGRESSIVE;
				CLANG_WARN_UNREACHABLE_CODE = YES;
				CLANG_WARN__DUPLICATE_METHOD_MATCH = YES;
				COPY_PHASE_STRIP = NO;
				DEBUG_INFORMATION_FORMAT = dwarf;
				ENABLE_STRICT_OBJC_MSGSEND = YES;
				ENABLE_TESTABILITY = YES;
				GCC_C_LANGUAGE_STANDARD = gnu11;
				GCC_DYNAMIC_NO_PIC = NO;
				GCC_NO_COMMON_BLOCKS = YES;
				GCC_OPTIMIZATION_LEVEL = 0;
				GCC_PREPROCESSOR_DEFINITIONS = (
					"DEBUG=1",
					"$(inherited)",
				);
				GCC_WARN_64_TO_32_BIT_CONVERSION = YES;
				GCC_WARN_ABOUT_RETURN_TYPE = YES_ERROR;
				GCC_WARN_UNDECLARED_SELECTOR = YES;
				GCC_WARN_UNINITIALIZED_AUTOS = YES_AGGRESSIVE;
				GCC_WARN_UNUSED_FUNCTION = YES;
				GCC_WARN_UNUSED_VARIABLE = YES;
				IPHONEOS_DEPLOYMENT_TARGET = 13.0;
				MTL_ENABLE_DEBUG_INFO = INCLUDE_SOURCE;
				MTL_FAST_MATH = YES;
				ONLY_ACTIVE_ARCH = YES;
				SDKROOT = iphoneos;
				SWIFT_ACTIVE_COMPILATION_CONDITIONS = DEBUG;
				SWIFT_OPTIMIZATION_LEVEL = "-Onone";
			};
			name = Debug;
		};
		841CAF8123491A0A00046818 /* Release */ = {
			isa = XCBuildConfiguration;
			buildSettings = {
				ALWAYS_SEARCH_USER_PATHS = NO;
				CLANG_ANALYZER_NONNULL = YES;
				CLANG_ANALYZER_NUMBER_OBJECT_CONVERSION = YES_AGGRESSIVE;
				CLANG_CXX_LANGUAGE_STANDARD = "gnu++14";
				CLANG_CXX_LIBRARY = "libc++";
				CLANG_ENABLE_MODULES = YES;
				CLANG_ENABLE_OBJC_ARC = YES;
				CLANG_ENABLE_OBJC_WEAK = YES;
				CLANG_WARN_BLOCK_CAPTURE_AUTORELEASING = YES;
				CLANG_WARN_BOOL_CONVERSION = YES;
				CLANG_WARN_COMMA = YES;
				CLANG_WARN_CONSTANT_CONVERSION = YES;
				CLANG_WARN_DEPRECATED_OBJC_IMPLEMENTATIONS = YES;
				CLANG_WARN_DIRECT_OBJC_ISA_USAGE = YES_ERROR;
				CLANG_WARN_DOCUMENTATION_COMMENTS = YES;
				CLANG_WARN_EMPTY_BODY = YES;
				CLANG_WARN_ENUM_CONVERSION = YES;
				CLANG_WARN_INFINITE_RECURSION = YES;
				CLANG_WARN_INT_CONVERSION = YES;
				CLANG_WARN_NON_LITERAL_NULL_CONVERSION = YES;
				CLANG_WARN_OBJC_IMPLICIT_RETAIN_SELF = YES;
				CLANG_WARN_OBJC_LITERAL_CONVERSION = YES;
				CLANG_WARN_OBJC_ROOT_CLASS = YES_ERROR;
				CLANG_WARN_RANGE_LOOP_ANALYSIS = YES;
				CLANG_WARN_STRICT_PROTOTYPES = YES;
				CLANG_WARN_SUSPICIOUS_MOVE = YES;
				CLANG_WARN_UNGUARDED_AVAILABILITY = YES_AGGRESSIVE;
				CLANG_WARN_UNREACHABLE_CODE = YES;
				CLANG_WARN__DUPLICATE_METHOD_MATCH = YES;
				COPY_PHASE_STRIP = NO;
				DEBUG_INFORMATION_FORMAT = "dwarf-with-dsym";
				ENABLE_NS_ASSERTIONS = NO;
				ENABLE_STRICT_OBJC_MSGSEND = YES;
				GCC_C_LANGUAGE_STANDARD = gnu11;
				GCC_NO_COMMON_BLOCKS = YES;
				GCC_WARN_64_TO_32_BIT_CONVERSION = YES;
				GCC_WARN_ABOUT_RETURN_TYPE = YES_ERROR;
				GCC_WARN_UNDECLARED_SELECTOR = YES;
				GCC_WARN_UNINITIALIZED_AUTOS = YES_AGGRESSIVE;
				GCC_WARN_UNUSED_FUNCTION = YES;
				GCC_WARN_UNUSED_VARIABLE = YES;
				IPHONEOS_DEPLOYMENT_TARGET = 13.0;
				MTL_ENABLE_DEBUG_INFO = NO;
				MTL_FAST_MATH = YES;
				SDKROOT = iphoneos;
				SWIFT_COMPILATION_MODE = wholemodule;
				SWIFT_OPTIMIZATION_LEVEL = "-O";
				VALIDATE_PRODUCT = YES;
			};
			name = Release;
		};
		841CAF8323491A0A00046818 /* Debug */ = {
			isa = XCBuildConfiguration;
			baseConfigurationReference = 5030746C3DDC41F517BD779B /* Pods-TutorApp.debug.xcconfig */;
			buildSettings = {
				ASSETCATALOG_COMPILER_APPICON_NAME = AppIcon;
				CODE_SIGN_STYLE = Automatic;
				DEVELOPMENT_TEAM = V764222368;
				INFOPLIST_FILE = "$(SRCROOT)/TutorApp/OtherFiles/Info.plist";
				LD_RUNPATH_SEARCH_PATHS = (
					"$(inherited)",
					"@executable_path/Frameworks",
				);
				PRODUCT_BUNDLE_IDENTIFIER = com.TutorApp;
				PRODUCT_NAME = "$(TARGET_NAME)";
				SWIFT_VERSION = 5.0;
				TARGETED_DEVICE_FAMILY = 1;
			};
			name = Debug;
		};
		841CAF8423491A0A00046818 /* Release */ = {
			isa = XCBuildConfiguration;
			baseConfigurationReference = 6054998157FA480C6151745C /* Pods-TutorApp.release.xcconfig */;
			buildSettings = {
				ASSETCATALOG_COMPILER_APPICON_NAME = AppIcon;
				CODE_SIGN_STYLE = Automatic;
				DEVELOPMENT_TEAM = V764222368;
				INFOPLIST_FILE = "$(SRCROOT)/TutorApp/OtherFiles/Info.plist";
				LD_RUNPATH_SEARCH_PATHS = (
					"$(inherited)",
					"@executable_path/Frameworks",
				);
				PRODUCT_BUNDLE_IDENTIFIER = com.TutorApp;
				PRODUCT_NAME = "$(TARGET_NAME)";
				SWIFT_VERSION = 5.0;
				TARGETED_DEVICE_FAMILY = 1;
			};
			name = Release;
		};
/* End XCBuildConfiguration section */

/* Begin XCConfigurationList section */
		841CAF6623491A0700046818 /* Build configuration list for PBXProject "TutorApp" */ = {
			isa = XCConfigurationList;
			buildConfigurations = (
				841CAF8023491A0A00046818 /* Debug */,
				841CAF8123491A0A00046818 /* Release */,
			);
			defaultConfigurationIsVisible = 0;
			defaultConfigurationName = Release;
		};
		841CAF8223491A0A00046818 /* Build configuration list for PBXNativeTarget "TutorApp" */ = {
			isa = XCConfigurationList;
			buildConfigurations = (
				841CAF8323491A0A00046818 /* Debug */,
				841CAF8423491A0A00046818 /* Release */,
			);
			defaultConfigurationIsVisible = 0;
			defaultConfigurationName = Release;
		};
/* End XCConfigurationList section */

/* Begin XCVersionGroup section */
		841CAF7723491A0700046818 /* TutorApp.xcdatamodeld */ = {
			isa = XCVersionGroup;
			children = (
				841CAF7823491A0700046818 /* TutorApp.xcdatamodel */,
			);
			currentVersion = 841CAF7823491A0700046818 /* TutorApp.xcdatamodel */;
			path = TutorApp.xcdatamodeld;
			sourceTree = "<group>";
			versionGroupType = wrapper.xcdatamodel;
		};
/* End XCVersionGroup section */
	};
	rootObject = 841CAF6323491A0700046818 /* Project object */;
}
